
Microsoft Visual Studio Solution File, Format Version 12.00
# Visual Studio Version 16
VisualStudioVersion = 16.0.29905.134
MinimumVisualStudioVersion = 10.0.40219.1
Project("{FAE04EC0-301F-11D3-BF4B-00C04F79EFBC}") = "HollyDaysV2", "HollyDaysV2\HollyDaysV2.csproj", "{30866F05-BF4C-463F-92B5-DD4D69532156}"
EndProject
Global
	GlobalSection(SolutionConfigurationPlatforms) = preSolution
		Debug|Any CPU = Debug|Any CPU
		Release|Any CPU = Release|Any CPU
	EndGlobalSection
	GlobalSection(ProjectConfigurationPlatforms) = postSolution
		{30866F05-BF4C-463F-92B5-DD4D69532156}.Debug|Any CPU.ActiveCfg = Debug|Any CPU
		{30866F05-BF4C-463F-92B5-DD4D69532156}.Debug|Any CPU.Build.0 = Debug|Any CPU
		{30866F05-BF4C-463F-92B5-DD4D69532156}.Release|Any CPU.ActiveCfg = Release|Any CPU
		{30866F05-BF4C-463F-92B5-DD4D69532156}.Release|Any CPU.Build.0 = Release|Any CPU
	EndGlobalSection
	GlobalSection(SolutionProperties) = preSolution
		HideSolutionNode = FALSE
	EndGlobalSection
	GlobalSection(ExtensibilityGlobals) = postSolution
		SolutionGuid = {5B0B2A1D-4EE2-4E43-BE50-231D0B7736F2}
	EndGlobalSection
EndGlobal
